{
  "name": "uepb-poker-data",
  "lockfileVersion": 3,
  "requires": true,
  "packages": {
    "": {
      "dependencies": {
        "simple-statistics": "^7.10.0"
      }
    },
    "node_modules/simple-statistics": {
      "version": "7.10.0",
      "resolved": "https://registry.npmjs.org/simple-statistics/-/simple-statistics-7.10.0.tgz",
      "integrity": "sha512-rhEH3H1w6nHPz7wDaU0aftYnkjpUR0lFvpBY6iSpbKlhiHUc+kmZALXpQEKEvcqQK+IzfljUWRkHwAzBkwwBGg==",
      "license": "ISC",
      "engines": {
        "node": "*"
      }
    }
  }
}
